{
  "nodes": {
    "crane": {
      "locked": {
        "lastModified": 1767461147,
        "narHash": "sha256-TH/xTeq/RI+DOzo+c+4F431eVuBpYVwQwBxzURe7kcI=",
        "owner": "ipetkov",
        "repo": "crane",
        "rev": "7d59256814085fd9666a2ae3e774dc5ee216b630",
        "type": "github"
      },
      "original": {
        "owner": "ipetkov",
        "repo": "crane",
        "type": "github"
      }
    },
    "fenix": {
      "inputs": {
        "nixpkgs": [
          "nixpkgs"
        ],
        "rust-analyzer-src": "rust-analyzer-src"
      },
      "locked": {
        "lastModified": 1767509276,
        "narHash": "sha256-5knCf0TyDRulNdrulrLxAxwPIYSWSSx8k6QHecEBb4U=",
        "owner": "nix-community",
        "repo": "fenix",
        "rev": "1930d3418abf9e17fae4a28a720dc16d90bf6ac4",
        "type": "github"
      },
      "original": {
        "owner": "nix-community",
        "repo": "fenix",
        "type": "github"
      }
    },
    "flake-utils": {
      "inputs": {
        "systems": "systems"
      },
      "locked": {
        "lastModified": 1731533236,
        "narHash": "sha256-l0KFg5HjrsfsO/JpG+r7fRrqm12kzFHyUHqHCVpMMbI=",
        "owner": "numtide",
        "repo": "flake-utils",
        "rev": "11707dc2f618dd54ca8739b309ec4fc024de578b",
        "type": "github"
      },
      "original": {
        "owner": "numtide",
        "repo": "flake-utils",
        "type": "github"
      }
    },
    "helper": {
      "locked": {
        "lastModified": 1764701737,
        "narHash": "sha256-q88RNhN1z6Z1fZ2LB9QB+/BJ55FU3igudj3CnyxHTz0=",
        "owner": "m-lima",
        "repo": "nix-template",
        "rev": "840ef27953e7ae0c767c10eb1bccb7e376cd9ea8",
        "type": "github"
      },
      "original": {
        "owner": "m-lima",
        "repo": "nix-template",
        "type": "github"
      }
    },
    "nixpkgs": {
      "locked": {
        "lastModified": 1767051569,
        "narHash": "sha256-0MnuWoN+n1UYaGBIpqpPs9I9ZHW4kynits4mrnh1Pk4=",
        "owner": "NixOS",
        "repo": "nixpkgs",
        "rev": "40ee5e1944bebdd128f9fbada44faefddfde29bd",
        "type": "github"
      },
      "original": {
        "owner": "NixOS",
        "ref": "nixos-25.05",
        "repo": "nixpkgs",
        "type": "github"
      }
    },
    "root": {
      "inputs": {
        "crane": "crane",
        "fenix": "fenix",
        "flake-utils": "flake-utils",
        "helper": "helper",
        "nixpkgs": "nixpkgs",
        "treefmt-nix": "treefmt-nix"
      }
    },
    "rust-analyzer-src": {
      "flake": false,
      "locked": {
        "lastModified": 1767435306,
        "narHash": "sha256-FUdSvrIW5r69i1LeAz203yHbuEdH5VtHmtRQxw/xlxk=",
        "owner": "rust-lang",
        "repo": "rust-analyzer",
        "rev": "0b0d29933ae2f4768465f840aded8ed4822c9189",
        "type": "github"
      },
      "original": {
        "owner": "rust-lang",
        "ref": "nightly",
        "repo": "rust-analyzer",
        "type": "github"
      }
    },
    "systems": {
      "locked": {
        "lastModified": 1681028828,
        "narHash": "sha256-Vy1rq5AaRuLzOxct8nz4T6wlgyUR7zLU309k9mBC768=",
        "owner": "nix-systems",
        "repo": "default",
        "rev": "da67096a3b9bf56a91d16901293e51ba5b49a27e",
        "type": "github"
      },
      "original": {
        "owner": "nix-systems",
        "repo": "default",
        "type": "github"
      }
    },
    "treefmt-nix": {
      "inputs": {
        "nixpkgs": [
          "nixpkgs"
        ]
      },
      "locked": {
        "lastModified": 1767468822,
        "narHash": "sha256-MpffQxHxmjVKMiQd0Tg2IM/bSjjdQAM+NDcX6yxj7rE=",
        "owner": "numtide",
        "repo": "treefmt-nix",
        "rev": "d56486eb9493ad9c4777c65932618e9c2d0468fc",
        "type": "github"
      },
      "original": {
        "owner": "numtide",
        "repo": "treefmt-nix",
        "type": "github"
      }
    }
  },
  "root": "root",
  "version": 7
}
